
Microsoft Visual Studio Solution File, Format Version 12.00
# Visual Studio Version 17
VisualStudioVersion = 17.7.34202.233
MinimumVisualStudioVersion = 10.0.40219.1
Project("{2150E333-8FDC-42A3-9474-1A3956D46DE8}") = "config", "config", "{41FD083A-214A-4D41-A053-CC9EA60460B0}"
	ProjectSection(SolutionItems) = preProject
		ServiceUrls.txt = ServiceUrls.txt
	EndProjectSection
EndProject
Project("{2150E333-8FDC-42A3-9474-1A3956D46DE8}") = "src", "src", "{BEA460F8-2B90-4967-883A-6DE078C3E5D3}"
EndProject
Project("{2150E333-8FDC-42A3-9474-1A3956D46DE8}") = "Services", "Services", "{DE694ADF-6433-447E-88C3-E344DDBECCE0}"
EndProject
Project("{2150E333-8FDC-42A3-9474-1A3956D46DE8}") = "BuildingBlocks", "BuildingBlocks", "{B6306144-20E2-4F78-9F51-E8205FE66D8D}"
EndProject
Project("{2150E333-8FDC-42A3-9474-1A3956D46DE8}") = "ApiGateways", "ApiGateways", "{E18A8731-0F83-490D-B655-9858280790F7}"
EndProject
Project("{2150E333-8FDC-42A3-9474-1A3956D46DE8}") = "EventBus", "EventBus", "{EE6A8A69-BD68-4A51-94E1-CB39250D75B8}"
EndProject
Project("{2150E333-8FDC-42A3-9474-1A3956D46DE8}") = "OrderService", "OrderService", "{397BE7E7-68FD-4BA2-9BAA-5153A3DE35E3}"
EndProject
Project("{2150E333-8FDC-42A3-9474-1A3956D46DE8}") = "PaymentService", "PaymentService", "{A578D6D6-C46F-4D8A-BE26-73142D7DA001}"
EndProject
Project("{2150E333-8FDC-42A3-9474-1A3956D46DE8}") = "CatalogService", "CatalogService", "{E2FD8B0B-1B03-45BD-A3B8-25876D2D23F0}"
EndProject
Project("{2150E333-8FDC-42A3-9474-1A3956D46DE8}") = "IdentityService", "IdentityService", "{7B3E0DF9-EA56-49A6-9966-B8106B295C99}"
EndProject
Project("{2150E333-8FDC-42A3-9474-1A3956D46DE8}") = "BasketService", "BasketService", "{4041B6C0-8239-4860-91D6-310E57D6A504}"
EndProject
Project("{2150E333-8FDC-42A3-9474-1A3956D46DE8}") = "NotificationService", "NotificationService", "{01C8E3DE-FBE4-45B1-A674-30EC45981763}"
EndProject
Project("{9A19103F-16F7-4668-BE54-9A1E7A4F7556}") = "EventBus.RabbitMQ", "src\BuildingBlocks\EventBus\EventBus.RabbitMQ\EventBus.RabbitMQ.csproj", "{EC918851-D565-4979-A1B3-4C8A17C86453}"
EndProject
Project("{9A19103F-16F7-4668-BE54-9A1E7A4F7556}") = "EventBus.Factory", "src\BuildingBlocks\EventBus\EventBus.Factory\EventBus.Factory.csproj", "{B8D5FC80-3DB3-44EC-B908-F39847FF9528}"
EndProject
Project("{2150E333-8FDC-42A3-9474-1A3956D46DE8}") = "WebApiGateway", "WebApiGateway", "{F2421A92-F8FE-4615-BEC6-1250E57F02BC}"
EndProject
Project("{9A19103F-16F7-4668-BE54-9A1E7A4F7556}") = "BaskerService.Api", "src\Services\BasketService\BaskerService.Api\BaskerService.Api.csproj", "{57061B2F-0E30-485F-B1AC-8F26354ECBC9}"
EndProject
Project("{9A19103F-16F7-4668-BE54-9A1E7A4F7556}") = "CatalogService.Api", "src\Services\CatalogService\CatalogService.Api\CatalogService.Api.csproj", "{76867021-838D-427C-B797-2D38C72BF13A}"
EndProject
Project("{9A19103F-16F7-4668-BE54-9A1E7A4F7556}") = "PaymentService.Api", "src\Services\PaymentService\PaymentService.Api\PaymentService.Api.csproj", "{BC97AA09-5A91-4BE6-B3C2-EC88BF72417A}"
EndProject
Project("{9A19103F-16F7-4668-BE54-9A1E7A4F7556}") = "OrderService.Api", "src\Services\OrderService\OrderService.Api\OrderService.Api.csproj", "{F591F619-F27C-4CDD-88F8-36F63C3182A0}"
EndProject
Project("{9A19103F-16F7-4668-BE54-9A1E7A4F7556}") = "IdentityService.Api", "src\Services\IdentityService\IdentityService.Api\IdentityService.Api.csproj", "{899CB8B0-112F-49FE-8692-ADE568002407}"
EndProject
Project("{9A19103F-16F7-4668-BE54-9A1E7A4F7556}") = "OrderService.Infrastructure", "src\Services\OrderService\OrderService.Infrastructure\OrderService.Infrastructure.csproj", "{13804FFA-C428-4BB1-A855-978D5DF062FD}"
EndProject
Project("{9A19103F-16F7-4668-BE54-9A1E7A4F7556}") = "OrderService.App", "src\Services\OrderService\OrderService.App\OrderService.App.csproj", "{2F77FF40-0C5F-44A7-9791-4BFC74A8C92C}"
EndProject
Project("{9A19103F-16F7-4668-BE54-9A1E7A4F7556}") = "OrderService.Domain", "src\Services\OrderService\OrderService.Domain\OrderService.Domain.csproj", "{DC6CBB80-8808-43E4-9E39-43D6CA87ED7C}"
EndProject
Project("{9A19103F-16F7-4668-BE54-9A1E7A4F7556}") = "NotificationService.Console", "src\Services\NotificationService\NotificationService.Console\NotificationService.Console.csproj", "{35305893-8309-41C3-B1C9-66AF0A407BE3}"
EndProject
Project("{9A19103F-16F7-4668-BE54-9A1E7A4F7556}") = "EventBus.Base", "src\BuildingBlocks\EventBus\EventBus.Base\EventBus.Base.csproj", "{EB29C43D-DBC5-43E6-9317-817E2EEBE349}"
EndProject
Project("{9A19103F-16F7-4668-BE54-9A1E7A4F7556}") = "Web.ApiGateway", "src\ApiGateways\WebApiGateway\Web.ApiGateway\Web.ApiGateway.csproj", "{C742C260-133E-4DE2-886D-1940CDB1C675}"
EndProject
Project("{9A19103F-16F7-4668-BE54-9A1E7A4F7556}") = "EventBus.AzureService", "src\BuildingBlocks\EventBus\EventBus.AzureService\EventBus.AzureService.csproj", "{60DA7BA0-83EC-4911-A97D-FAFD72CD8966}"
EndProject
Global
	GlobalSection(SolutionConfigurationPlatforms) = preSolution
		Debug|Any CPU = Debug|Any CPU
		Release|Any CPU = Release|Any CPU
	EndGlobalSection
	GlobalSection(ProjectConfigurationPlatforms) = postSolution
		{EC918851-D565-4979-A1B3-4C8A17C86453}.Debug|Any CPU.ActiveCfg = Debug|Any CPU
		{EC918851-D565-4979-A1B3-4C8A17C86453}.Debug|Any CPU.Build.0 = Debug|Any CPU
		{EC918851-D565-4979-A1B3-4C8A17C86453}.Release|Any CPU.ActiveCfg = Release|Any CPU
		{EC918851-D565-4979-A1B3-4C8A17C86453}.Release|Any CPU.Build.0 = Release|Any CPU
		{B8D5FC80-3DB3-44EC-B908-F39847FF9528}.Debug|Any CPU.ActiveCfg = Debug|Any CPU
		{B8D5FC80-3DB3-44EC-B908-F39847FF9528}.Debug|Any CPU.Build.0 = Debug|Any CPU
		{B8D5FC80-3DB3-44EC-B908-F39847FF9528}.Release|Any CPU.ActiveCfg = Release|Any CPU
		{B8D5FC80-3DB3-44EC-B908-F39847FF9528}.Release|Any CPU.Build.0 = Release|Any CPU
		{57061B2F-0E30-485F-B1AC-8F26354ECBC9}.Debug|Any CPU.ActiveCfg = Debug|Any CPU
		{57061B2F-0E30-485F-B1AC-8F26354ECBC9}.Debug|Any CPU.Build.0 = Debug|Any CPU
		{57061B2F-0E30-485F-B1AC-8F26354ECBC9}.Release|Any CPU.ActiveCfg = Release|Any CPU
		{57061B2F-0E30-485F-B1AC-8F26354ECBC9}.Release|Any CPU.Build.0 = Release|Any CPU
		{76867021-838D-427C-B797-2D38C72BF13A}.Debug|Any CPU.ActiveCfg = Debug|Any CPU
		{76867021-838D-427C-B797-2D38C72BF13A}.Debug|Any CPU.Build.0 = Debug|Any CPU
		{76867021-838D-427C-B797-2D38C72BF13A}.Release|Any CPU.ActiveCfg = Release|Any CPU
		{76867021-838D-427C-B797-2D38C72BF13A}.Release|Any CPU.Build.0 = Release|Any CPU
		{BC97AA09-5A91-4BE6-B3C2-EC88BF72417A}.Debug|Any CPU.ActiveCfg = Debug|Any CPU
		{BC97AA09-5A91-4BE6-B3C2-EC88BF72417A}.Debug|Any CPU.Build.0 = Debug|Any CPU
		{BC97AA09-5A91-4BE6-B3C2-EC88BF72417A}.Release|Any CPU.ActiveCfg = Release|Any CPU
		{BC97AA09-5A91-4BE6-B3C2-EC88BF72417A}.Release|Any CPU.Build.0 = Release|Any CPU
		{F591F619-F27C-4CDD-88F8-36F63C3182A0}.Debug|Any CPU.ActiveCfg = Debug|Any CPU
		{F591F619-F27C-4CDD-88F8-36F63C3182A0}.Debug|Any CPU.Build.0 = Debug|Any CPU
		{F591F619-F27C-4CDD-88F8-36F63C3182A0}.Release|Any CPU.ActiveCfg = Release|Any CPU
		{F591F619-F27C-4CDD-88F8-36F63C3182A0}.Release|Any CPU.Build.0 = Release|Any CPU
		{899CB8B0-112F-49FE-8692-ADE568002407}.Debug|Any CPU.ActiveCfg = Debug|Any CPU
		{899CB8B0-112F-49FE-8692-ADE568002407}.Debug|Any CPU.Build.0 = Debug|Any CPU
		{899CB8B0-112F-49FE-8692-ADE568002407}.Release|Any CPU.ActiveCfg = Release|Any CPU
		{899CB8B0-112F-49FE-8692-ADE568002407}.Release|Any CPU.Build.0 = Release|Any CPU
		{13804FFA-C428-4BB1-A855-978D5DF062FD}.Debug|Any CPU.ActiveCfg = Debug|Any CPU
		{13804FFA-C428-4BB1-A855-978D5DF062FD}.Debug|Any CPU.Build.0 = Debug|Any CPU
		{13804FFA-C428-4BB1-A855-978D5DF062FD}.Release|Any CPU.ActiveCfg = Release|Any CPU
		{13804FFA-C428-4BB1-A855-978D5DF062FD}.Release|Any CPU.Build.0 = Release|Any CPU
		{2F77FF40-0C5F-44A7-9791-4BFC74A8C92C}.Debug|Any CPU.ActiveCfg = Debug|Any CPU
		{2F77FF40-0C5F-44A7-9791-4BFC74A8C92C}.Debug|Any CPU.Build.0 = Debug|Any CPU
		{2F77FF40-0C5F-44A7-9791-4BFC74A8C92C}.Release|Any CPU.ActiveCfg = Release|Any CPU
		{2F77FF40-0C5F-44A7-9791-4BFC74A8C92C}.Release|Any CPU.Build.0 = Release|Any CPU
		{DC6CBB80-8808-43E4-9E39-43D6CA87ED7C}.Debug|Any CPU.ActiveCfg = Debug|Any CPU
		{DC6CBB80-8808-43E4-9E39-43D6CA87ED7C}.Debug|Any CPU.Build.0 = Debug|Any CPU
		{DC6CBB80-8808-43E4-9E39-43D6CA87ED7C}.Release|Any CPU.ActiveCfg = Release|Any CPU
		{DC6CBB80-8808-43E4-9E39-43D6CA87ED7C}.Release|Any CPU.Build.0 = Release|Any CPU
		{35305893-8309-41C3-B1C9-66AF0A407BE3}.Debug|Any CPU.ActiveCfg = Debug|Any CPU
		{35305893-8309-41C3-B1C9-66AF0A407BE3}.Debug|Any CPU.Build.0 = Debug|Any CPU
		{35305893-8309-41C3-B1C9-66AF0A407BE3}.Release|Any CPU.ActiveCfg = Release|Any CPU
		{35305893-8309-41C3-B1C9-66AF0A407BE3}.Release|Any CPU.Build.0 = Release|Any CPU
		{EB29C43D-DBC5-43E6-9317-817E2EEBE349}.Debug|Any CPU.ActiveCfg = Debug|Any CPU
		{EB29C43D-DBC5-43E6-9317-817E2EEBE349}.Debug|Any CPU.Build.0 = Debug|Any CPU
		{EB29C43D-DBC5-43E6-9317-817E2EEBE349}.Release|Any CPU.ActiveCfg = Release|Any CPU
		{EB29C43D-DBC5-43E6-9317-817E2EEBE349}.Release|Any CPU.Build.0 = Release|Any CPU
		{C742C260-133E-4DE2-886D-1940CDB1C675}.Debug|Any CPU.ActiveCfg = Debug|Any CPU
		{C742C260-133E-4DE2-886D-1940CDB1C675}.Debug|Any CPU.Build.0 = Debug|Any CPU
		{C742C260-133E-4DE2-886D-1940CDB1C675}.Release|Any CPU.ActiveCfg = Release|Any CPU
		{C742C260-133E-4DE2-886D-1940CDB1C675}.Release|Any CPU.Build.0 = Release|Any CPU
		{60DA7BA0-83EC-4911-A97D-FAFD72CD8966}.Debug|Any CPU.ActiveCfg = Debug|Any CPU
		{60DA7BA0-83EC-4911-A97D-FAFD72CD8966}.Debug|Any CPU.Build.0 = Debug|Any CPU
		{60DA7BA0-83EC-4911-A97D-FAFD72CD8966}.Release|Any CPU.ActiveCfg = Release|Any CPU
		{60DA7BA0-83EC-4911-A97D-FAFD72CD8966}.Release|Any CPU.Build.0 = Release|Any CPU
	EndGlobalSection
	GlobalSection(SolutionProperties) = preSolution
		HideSolutionNode = FALSE
	EndGlobalSection
	GlobalSection(NestedProjects) = preSolution
		{DE694ADF-6433-447E-88C3-E344DDBECCE0} = {BEA460F8-2B90-4967-883A-6DE078C3E5D3}
		{B6306144-20E2-4F78-9F51-E8205FE66D8D} = {BEA460F8-2B90-4967-883A-6DE078C3E5D3}
		{E18A8731-0F83-490D-B655-9858280790F7} = {BEA460F8-2B90-4967-883A-6DE078C3E5D3}
		{EE6A8A69-BD68-4A51-94E1-CB39250D75B8} = {B6306144-20E2-4F78-9F51-E8205FE66D8D}
		{397BE7E7-68FD-4BA2-9BAA-5153A3DE35E3} = {DE694ADF-6433-447E-88C3-E344DDBECCE0}
		{A578D6D6-C46F-4D8A-BE26-73142D7DA001} = {DE694ADF-6433-447E-88C3-E344DDBECCE0}
		{E2FD8B0B-1B03-45BD-A3B8-25876D2D23F0} = {DE694ADF-6433-447E-88C3-E344DDBECCE0}
		{7B3E0DF9-EA56-49A6-9966-B8106B295C99} = {DE694ADF-6433-447E-88C3-E344DDBECCE0}
		{4041B6C0-8239-4860-91D6-310E57D6A504} = {DE694ADF-6433-447E-88C3-E344DDBECCE0}
		{01C8E3DE-FBE4-45B1-A674-30EC45981763} = {DE694ADF-6433-447E-88C3-E344DDBECCE0}
		{EC918851-D565-4979-A1B3-4C8A17C86453} = {EE6A8A69-BD68-4A51-94E1-CB39250D75B8}
		{B8D5FC80-3DB3-44EC-B908-F39847FF9528} = {EE6A8A69-BD68-4A51-94E1-CB39250D75B8}
		{F2421A92-F8FE-4615-BEC6-1250E57F02BC} = {E18A8731-0F83-490D-B655-9858280790F7}
		{57061B2F-0E30-485F-B1AC-8F26354ECBC9} = {4041B6C0-8239-4860-91D6-310E57D6A504}
		{76867021-838D-427C-B797-2D38C72BF13A} = {E2FD8B0B-1B03-45BD-A3B8-25876D2D23F0}
		{BC97AA09-5A91-4BE6-B3C2-EC88BF72417A} = {A578D6D6-C46F-4D8A-BE26-73142D7DA001}
		{F591F619-F27C-4CDD-88F8-36F63C3182A0} = {397BE7E7-68FD-4BA2-9BAA-5153A3DE35E3}
		{899CB8B0-112F-49FE-8692-ADE568002407} = {7B3E0DF9-EA56-49A6-9966-B8106B295C99}
		{13804FFA-C428-4BB1-A855-978D5DF062FD} = {397BE7E7-68FD-4BA2-9BAA-5153A3DE35E3}
		{2F77FF40-0C5F-44A7-9791-4BFC74A8C92C} = {397BE7E7-68FD-4BA2-9BAA-5153A3DE35E3}
		{DC6CBB80-8808-43E4-9E39-43D6CA87ED7C} = {397BE7E7-68FD-4BA2-9BAA-5153A3DE35E3}
		{35305893-8309-41C3-B1C9-66AF0A407BE3} = {01C8E3DE-FBE4-45B1-A674-30EC45981763}
		{EB29C43D-DBC5-43E6-9317-817E2EEBE349} = {EE6A8A69-BD68-4A51-94E1-CB39250D75B8}
		{C742C260-133E-4DE2-886D-1940CDB1C675} = {F2421A92-F8FE-4615-BEC6-1250E57F02BC}
		{60DA7BA0-83EC-4911-A97D-FAFD72CD8966} = {EE6A8A69-BD68-4A51-94E1-CB39250D75B8}
	EndGlobalSection
	GlobalSection(ExtensibilityGlobals) = postSolution
		SolutionGuid = {80CC40DA-3B85-4964-AA57-436A9EC40EFE}
	EndGlobalSection
EndGlobal
